{
  "version": 4,
  "terraform_version": "1.0.10",
  "serial": 19,
  "lineage": "6b97508f-15ab-3c4e-a42e-fe5444a646d8",
  "outputs": {},
  "resources": [
    {
      "mode": "data",
      "type": "google_iam_policy",
      "name": "noauth",
      "provider": "provider[\"registry.terraform.io/hashicorp/google\"]",
      "instances": [
        {
          "schema_version": 0,
          "attributes": {
            "audit_config": null,
            "binding": [
              {
                "condition": [],
                "members": [
                  "allUsers"
                ],
                "role": "roles/run.invoker"
              }
            ],
            "id": "3450855414",
            "policy_data": "{\"bindings\":[{\"members\":[\"allUsers\"],\"role\":\"roles/run.invoker\"}]}"
          },
          "sensitive_attributes": []
        }
      ]
    },
    {
      "mode": "managed",
      "type": "google_cloud_run_service",
      "name": "default",
      "provider": "provider[\"registry.terraform.io/hashicorp/google-beta\"]",
      "instances": [
        {
          "schema_version": 1,
          "attributes": {
            "autogenerate_revision_name": false,
            "id": "locations/northamerica-northeast1/namespaces/ryan-cicd/services/clock-weather",
            "location": "northamerica-northeast1",
            "metadata": [
              {
                "annotations": {
                  "run.googleapis.com/ingress": "all",
                  "run.googleapis.com/ingress-status": "all",
                  "serving.knative.dev/creator": "sa-pipeline-clrun@ryan-cicd.iam.gserviceaccount.com",
                  "serving.knative.dev/lastModifier": "sa-pipeline-clrun@ryan-cicd.iam.gserviceaccount.com"
                },
                "generation": 2,
                "labels": {
                  "cloud.googleapis.com/location": "northamerica-northeast1"
                },
                "namespace": "ryan-cicd",
                "resource_version": "AAXPrKgdAKk",
                "self_link": "/apis/serving.knative.dev/v1/namespaces/631329847680/services/clock-weather",
                "uid": "4466cccd-dc1b-4f93-91b3-b42d566f4868"
              }
            ],
            "name": "clock-weather",
            "project": "ryan-cicd",
            "status": [
              {
                "conditions": [
                  {
                    "message": "",
                    "reason": "",
                    "status": "True",
                    "type": "Ready"
                  },
                  {
                    "message": "",
                    "reason": "",
                    "status": "True",
                    "type": "ConfigurationsReady"
                  },
                  {
                    "message": "",
                    "reason": "",
                    "status": "True",
                    "type": "RoutesReady"
                  }
                ],
                "latest_created_revision_name": "clock-weather-cpf98",
                "latest_ready_revision_name": "clock-weather-cpf98",
                "observed_generation": 2,
                "url": "https://clock-weather-h553h4vkxa-nn.a.run.app"
              }
            ],
            "template": [
              {
                "metadata": [
                  {
                    "annotations": {
                      "autoscaling.knative.dev/maxScale": "100"
                    },
                    "generation": 0,
                    "labels": {},
                    "name": "",
                    "namespace": "",
                    "resource_version": "",
                    "self_link": "",
                    "uid": ""
                  }
                ],
                "spec": [
                  {
                    "container_concurrency": 80,
                    "containers": [
                      {
                        "args": [],
                        "command": [],
                        "env": [
                          {
                            "name": "OPENWEATHER_API_KEY",
                            "value": "",
                            "value_from": [
                              {
                                "secret_key_ref": [
                                  {
                                    "key": "1",
                                    "name": "api_key"
                                  }
                                ]
                              }
                            ]
                          }
                        ],
                        "env_from": [],
                        "image": "northamerica-northeast1-docker.pkg.dev/ryan-cicd/clock-weather/v1",
                        "ports": [
                          {
                            "container_port": 8080,
                            "name": "http1",
                            "protocol": ""
                          }
                        ],
                        "resources": [
                          {
                            "limits": {
                              "cpu": "1000m",
                              "memory": "512Mi"
                            },
                            "requests": {}
                          }
                        ],
                        "volume_mounts": [],
                        "working_dir": ""
                      }
                    ],
                    "service_account_name": "sa-pipeline-clrun@ryan-cicd.iam.gserviceaccount.com",
                    "serving_state": "",
                    "timeout_seconds": 300,
                    "volumes": []
                  }
                ]
              }
            ],
            "timeouts": null,
            "traffic": [
              {
                "latest_revision": true,
                "percent": 100,
                "revision_name": ""
              }
            ]
          },
          "sensitive_attributes": [],
          "private": "eyJlMmJmYjczMC1lY2FhLTExZTYtOGY4OC0zNDM2M2JjN2M0YzAiOnsiY3JlYXRlIjozNjAwMDAwMDAwMDAsImRlbGV0ZSI6MjQwMDAwMDAwMDAwLCJ1cGRhdGUiOjkwMDAwMDAwMDAwMH0sInNjaGVtYV92ZXJzaW9uIjoiMSJ9",
          "dependencies": [
            "google_secret_manager_secret.secret",
            "google_secret_manager_secret_iam_member.secret-access",
            "google_secret_manager_secret_version.secret-version-data"
          ]
        }
      ]
    },
    {
      "mode": "managed",
      "type": "google_cloud_run_service_iam_policy",
      "name": "noauth",
      "provider": "provider[\"registry.terraform.io/hashicorp/google\"]",
      "instances": [
        {
          "schema_version": 0,
          "attributes": {
            "etag": "BwXPrDcbqwU=",
            "id": "v1/projects/ryan-cicd/locations/northamerica-northeast1/services/clock-weather",
            "location": "northamerica-northeast1",
            "policy_data": "{\"bindings\":[{\"members\":[\"allUsers\"],\"role\":\"roles/run.invoker\"}]}",
            "project": "ryan-cicd",
            "service": "v1/projects/ryan-cicd/locations/northamerica-northeast1/services/clock-weather"
          },
          "sensitive_attributes": [],
          "private": "bnVsbA==",
          "dependencies": [
            "google_secret_manager_secret.secret",
            "google_secret_manager_secret_iam_member.secret-access",
            "google_secret_manager_secret_version.secret-version-data",
            "data.google_iam_policy.noauth",
            "google_cloud_run_service.default"
          ]
        }
      ]
    },
    {
      "mode": "managed",
      "type": "google_secret_manager_secret",
      "name": "secret",
      "provider": "provider[\"registry.terraform.io/hashicorp/google\"]",
      "instances": [
        {
          "schema_version": 0,
          "attributes": {
            "create_time": "2021-10-31T20:25:29.870946Z",
            "expire_time": "",
            "id": "projects/ryan-cicd/secrets/api_key",
            "labels": {},
            "name": "projects/631329847680/secrets/api_key",
            "project": "ryan-cicd",
            "replication": [
              {
                "automatic": true,
                "user_managed": []
              }
            ],
            "rotation": [],
            "secret_id": "api_key",
            "timeouts": null,
            "topics": [],
            "ttl": null
          },
          "sensitive_attributes": [],
          "private": "eyJlMmJmYjczMC1lY2FhLTExZTYtOGY4OC0zNDM2M2JjN2M0YzAiOnsiY3JlYXRlIjoyNDAwMDAwMDAwMDAsImRlbGV0ZSI6MjQwMDAwMDAwMDAwLCJ1cGRhdGUiOjI0MDAwMDAwMDAwMH19"
        }
      ]
    },
    {
      "mode": "managed",
      "type": "google_secret_manager_secret_iam_member",
      "name": "secret-access",
      "provider": "provider[\"registry.terraform.io/hashicorp/google\"]",
      "instances": [
        {
          "schema_version": 0,
          "attributes": {
            "condition": [],
            "etag": "BwXPq9yUIo4=",
            "id": "projects/ryan-cicd/secrets/api_key/roles/secretmanager.secretAccessor/serviceAccount:sa-pipeline-clrun@ryan-cicd.iam.gserviceaccount.com",
            "member": "serviceAccount:sa-pipeline-clrun@ryan-cicd.iam.gserviceaccount.com",
            "project": "ryan-cicd",
            "role": "roles/secretmanager.secretAccessor",
            "secret_id": "projects/ryan-cicd/secrets/api_key"
          },
          "sensitive_attributes": [],
          "private": "bnVsbA==",
          "dependencies": [
            "google_secret_manager_secret.secret"
          ]
        }
      ]
    },
    {
      "mode": "managed",
      "type": "google_secret_manager_secret_version",
      "name": "secret-version-data",
      "provider": "provider[\"registry.terraform.io/hashicorp/google\"]",
      "instances": [
        {
          "schema_version": 0,
          "attributes": {
            "create_time": "2021-10-31T20:25:30.780132Z",
            "destroy_time": "",
            "enabled": true,
            "id": "projects/631329847680/secrets/api_key/versions/1",
            "name": "projects/631329847680/secrets/api_key/versions/1",
            "secret": "projects/631329847680/secrets/api_key",
            "secret_data": "cc6566b18fb703c7c5f1928bd738a82c",
            "timeouts": null
          },
          "sensitive_attributes": [],
          "private": "eyJlMmJmYjczMC1lY2FhLTExZTYtOGY4OC0zNDM2M2JjN2M0YzAiOnsiY3JlYXRlIjoyNDAwMDAwMDAwMDAsImRlbGV0ZSI6MjQwMDAwMDAwMDAwfX0=",
          "dependencies": [
            "google_secret_manager_secret.secret"
          ]
        }
      ]
    }
  ]
}
